
Microsoft Visual Studio Solution File, Format Version 12.00
# Visual Studio Version 16
VisualStudioVersion = 16.0.28803.156
MinimumVisualStudioVersion = 10.0.40219.1
Project("{9A19103F-16F7-4668-BE54-9A1E7A4F7556}") = "Bot", "Bot\Bot.csproj", "{11D9F812-27DD-490C-B88B-4749B077F88E}"
EndProject
Project("{FAE04EC0-301F-11D3-BF4B-00C04F79EFBC}") = "WithBugs.Bot.Extensions", "WithBugs.Bot.Extensions\WithBugs.Bot.Extensions.csproj", "{43522EF2-EFC1-42D7-B1F7-F6A862D6E3D9}"
EndProject
Global
	GlobalSection(SolutionConfigurationPlatforms) = preSolution
		Debug|Any CPU = Debug|Any CPU
		Release|Any CPU = Release|Any CPU
	EndGlobalSection
	GlobalSection(ProjectConfigurationPlatforms) = postSolution
		{11D9F812-27DD-490C-B88B-4749B077F88E}.Debug|Any CPU.ActiveCfg = Debug|Any CPU
		{11D9F812-27DD-490C-B88B-4749B077F88E}.Debug|Any CPU.Build.0 = Debug|Any CPU
		{11D9F812-27DD-490C-B88B-4749B077F88E}.Release|Any CPU.ActiveCfg = Release|Any CPU
		{11D9F812-27DD-490C-B88B-4749B077F88E}.Release|Any CPU.Build.0 = Release|Any CPU
		{43522EF2-EFC1-42D7-B1F7-F6A862D6E3D9}.Debug|Any CPU.ActiveCfg = Debug|Any CPU
		{43522EF2-EFC1-42D7-B1F7-F6A862D6E3D9}.Debug|Any CPU.Build.0 = Debug|Any CPU
		{43522EF2-EFC1-42D7-B1F7-F6A862D6E3D9}.Release|Any CPU.ActiveCfg = Release|Any CPU
		{43522EF2-EFC1-42D7-B1F7-F6A862D6E3D9}.Release|Any CPU.Build.0 = Release|Any CPU
	EndGlobalSection
	GlobalSection(SolutionProperties) = preSolution
		HideSolutionNode = FALSE
	EndGlobalSection
	GlobalSection(ExtensibilityGlobals) = postSolution
		SolutionGuid = {1684BB12-EA00-4DC3-A7E1-C5F47CF88742}
	EndGlobalSection
EndGlobal
